// !$*UTF8*$!
{
	archiveVersion = 1;
	classes = {
	};
	objectVersion = 56;
	objects = {

/* Begin PBXBuildFile section */
		2A9DB8E12C2002F200B37BD9 /* ViewStateManager.swift in Sources */ = {isa = PBXBuildFile; fileRef = 2A9DB8E02C2002F200B37BD9 /* ViewStateManager.swift */; };
		2A9DB8E32C20035800B37BD9 /* ContentView.swift in Sources */ = {isa = PBXBuildFile; fileRef = 2A9DB8E22C20035800B37BD9 /* ContentView.swift */; };
		2A9DB8E62C2003D200B37BD9 /* SplashView.swift in Sources */ = {isa = PBXBuildFile; fileRef = 2A9DB8E52C2003D200B37BD9 /* SplashView.swift */; };
		2A9DB8E82C20060300B37BD9 /* Localizable.xcstrings in Resources */ = {isa = PBXBuildFile; fileRef = 2A9DB8E72C20060300B37BD9 /* Localizable.xcstrings */; };
		2A9DB9072C20084900B37BD9 /* Font.swift in Sources */ = {isa = PBXBuildFile; fileRef = 2A9DB9062C20084900B37BD9 /* Font.swift */; };
		2A9DB90B2C200B3600B37BD9 /* Color+Extension.swift in Sources */ = {isa = PBXBuildFile; fileRef = 2A9DB90A2C200B3600B37BD9 /* Color+Extension.swift */; };
		2A9DB9152C200BAF00B37BD9 /* PretendardJP-Bold.otf in Resources */ = {isa = PBXBuildFile; fileRef = 2A9DB90C2C200BAF00B37BD9 /* PretendardJP-Bold.otf */; };
		2A9DB9162C200BAF00B37BD9 /* PretendardJP-ExtraLight.otf in Resources */ = {isa = PBXBuildFile; fileRef = 2A9DB90D2C200BAF00B37BD9 /* PretendardJP-ExtraLight.otf */; };
		2A9DB9172C200BAF00B37BD9 /* PretendardJP-Light.otf in Resources */ = {isa = PBXBuildFile; fileRef = 2A9DB90E2C200BAF00B37BD9 /* PretendardJP-Light.otf */; };
		2A9DB9182C200BAF00B37BD9 /* PretendardJP-ExtraBold.otf in Resources */ = {isa = PBXBuildFile; fileRef = 2A9DB90F2C200BAF00B37BD9 /* PretendardJP-ExtraBold.otf */; };
		2A9DB9192C200BAF00B37BD9 /* PretendardJP-Regular.otf in Resources */ = {isa = PBXBuildFile; fileRef = 2A9DB9102C200BAF00B37BD9 /* PretendardJP-Regular.otf */; };
		2A9DB91A2C200BAF00B37BD9 /* PretendardJP-Medium.otf in Resources */ = {isa = PBXBuildFile; fileRef = 2A9DB9112C200BAF00B37BD9 /* PretendardJP-Medium.otf */; };
		2A9DB91B2C200BAF00B37BD9 /* PretendardJP-SemiBold.otf in Resources */ = {isa = PBXBuildFile; fileRef = 2A9DB9122C200BAF00B37BD9 /* PretendardJP-SemiBold.otf */; };
		2A9DB91C2C200BAF00B37BD9 /* PretendardJP-Black.otf in Resources */ = {isa = PBXBuildFile; fileRef = 2A9DB9132C200BAF00B37BD9 /* PretendardJP-Black.otf */; };
		2A9DB91D2C200BAF00B37BD9 /* PretendardJP-Thin.otf in Resources */ = {isa = PBXBuildFile; fileRef = 2A9DB9142C200BAF00B37BD9 /* PretendardJP-Thin.otf */; };
		2A9DB91F2C20107500B37BD9 /* OnboardingView.swift in Sources */ = {isa = PBXBuildFile; fileRef = 2A9DB91E2C20107500B37BD9 /* OnboardingView.swift */; };
		2AAD3AB42C1CCA9500D07AFF /* NC2App.swift in Sources */ = {isa = PBXBuildFile; fileRef = 2AAD3AB32C1CCA9500D07AFF /* NC2App.swift */; };
		2AAD3AB62C1CCA9500D07AFF /* CustomCalendarView.swift in Sources */ = {isa = PBXBuildFile; fileRef = 2AAD3AB52C1CCA9500D07AFF /* CustomCalendarView.swift */; };
		2AAD3AB82C1CCA9700D07AFF /* Assets.xcassets in Resources */ = {isa = PBXBuildFile; fileRef = 2AAD3AB72C1CCA9700D07AFF /* Assets.xcassets */; };
/* End PBXBuildFile section */

/* Begin PBXFileReference section */
		2A9DB8E02C2002F200B37BD9 /* ViewStateManager.swift */ = {isa = PBXFileReference; lastKnownFileType = sourcecode.swift; path = ViewStateManager.swift; sourceTree = "<group>"; };
		2A9DB8E22C20035800B37BD9 /* ContentView.swift */ = {isa = PBXFileReference; lastKnownFileType = sourcecode.swift; path = ContentView.swift; sourceTree = "<group>"; };
		2A9DB8E52C2003D200B37BD9 /* SplashView.swift */ = {isa = PBXFileReference; lastKnownFileType = sourcecode.swift; path = SplashView.swift; sourceTree = "<group>"; };
		2A9DB8E72C20060300B37BD9 /* Localizable.xcstrings */ = {isa = PBXFileReference; lastKnownFileType = text.json.xcstrings; path = Localizable.xcstrings; sourceTree = "<group>"; };
		2A9DB9052C2007B300B37BD9 /* Info.plist */ = {isa = PBXFileReference; lastKnownFileType = text.plist; path = Info.plist; sourceTree = "<group>"; };
		2A9DB9062C20084900B37BD9 /* Font.swift */ = {isa = PBXFileReference; lastKnownFileType = sourcecode.swift; path = Font.swift; sourceTree = "<group>"; };
		2A9DB90A2C200B3600B37BD9 /* Color+Extension.swift */ = {isa = PBXFileReference; lastKnownFileType = sourcecode.swift; path = "Color+Extension.swift"; sourceTree = "<group>"; };
		2A9DB90C2C200BAF00B37BD9 /* PretendardJP-Bold.otf */ = {isa = PBXFileReference; lastKnownFileType = file; name = "PretendardJP-Bold.otf"; path = "../../../../../../../../../Downloads/PretendardJP-1.3.9/public/static/PretendardJP-Bold.otf"; sourceTree = "<group>"; };
		2A9DB90D2C200BAF00B37BD9 /* PretendardJP-ExtraLight.otf */ = {isa = PBXFileReference; lastKnownFileType = file; name = "PretendardJP-ExtraLight.otf"; path = "../../../../../../../../../Downloads/PretendardJP-1.3.9/public/static/PretendardJP-ExtraLight.otf"; sourceTree = "<group>"; };
		2A9DB90E2C200BAF00B37BD9 /* PretendardJP-Light.otf */ = {isa = PBXFileReference; lastKnownFileType = file; name = "PretendardJP-Light.otf"; path = "../../../../../../../../../Downloads/PretendardJP-1.3.9/public/static/PretendardJP-Light.otf"; sourceTree = "<group>"; };
		2A9DB90F2C200BAF00B37BD9 /* PretendardJP-ExtraBold.otf */ = {isa = PBXFileReference; lastKnownFileType = file; name = "PretendardJP-ExtraBold.otf"; path = "../../../../../../../../../Downloads/PretendardJP-1.3.9/public/static/PretendardJP-ExtraBold.otf"; sourceTree = "<group>"; };
		2A9DB9102C200BAF00B37BD9 /* PretendardJP-Regular.otf */ = {isa = PBXFileReference; lastKnownFileType = file; name = "PretendardJP-Regular.otf"; path = "../../../../../../../../../Downloads/PretendardJP-1.3.9/public/static/PretendardJP-Regular.otf"; sourceTree = "<group>"; };
		2A9DB9112C200BAF00B37BD9 /* PretendardJP-Medium.otf */ = {isa = PBXFileReference; lastKnownFileType = file; name = "PretendardJP-Medium.otf"; path = "../../../../../../../../../Downloads/PretendardJP-1.3.9/public/static/PretendardJP-Medium.otf"; sourceTree = "<group>"; };
		2A9DB9122C200BAF00B37BD9 /* PretendardJP-SemiBold.otf */ = {isa = PBXFileReference; lastKnownFileType = file; name = "PretendardJP-SemiBold.otf"; path = "../../../../../../../../../Downloads/PretendardJP-1.3.9/public/static/PretendardJP-SemiBold.otf"; sourceTree = "<group>"; };
		2A9DB9132C200BAF00B37BD9 /* PretendardJP-Black.otf */ = {isa = PBXFileReference; lastKnownFileType = file; name = "PretendardJP-Black.otf"; path = "../../../../../../../../../Downloads/PretendardJP-1.3.9/public/static/PretendardJP-Black.otf"; sourceTree = "<group>"; };
		2A9DB9142C200BAF00B37BD9 /* PretendardJP-Thin.otf */ = {isa = PBXFileReference; lastKnownFileType = file; name = "PretendardJP-Thin.otf"; path = "../../../../../../../../../Downloads/PretendardJP-1.3.9/public/static/PretendardJP-Thin.otf"; sourceTree = "<group>"; };
		2A9DB91E2C20107500B37BD9 /* OnboardingView.swift */ = {isa = PBXFileReference; lastKnownFileType = sourcecode.swift; path = OnboardingView.swift; sourceTree = "<group>"; };
		2AAD3AB02C1CCA9500D07AFF /* NC2.app */ = {isa = PBXFileReference; explicitFileType = wrapper.application; includeInIndex = 0; path = NC2.app; sourceTree = BUILT_PRODUCTS_DIR; };
		2AAD3AB32C1CCA9500D07AFF /* NC2App.swift */ = {isa = PBXFileReference; lastKnownFileType = sourcecode.swift; path = NC2App.swift; sourceTree = "<group>"; };
		2AAD3AB52C1CCA9500D07AFF /* CustomCalendarView.swift */ = {isa = PBXFileReference; lastKnownFileType = sourcecode.swift; path = CustomCalendarView.swift; sourceTree = "<group>"; };
		2AAD3AB72C1CCA9700D07AFF /* Assets.xcassets */ = {isa = PBXFileReference; lastKnownFileType = folder.assetcatalog; path = Assets.xcassets; sourceTree = "<group>"; };
		2AAD3AB92C1CCA9700D07AFF /* NC2.entitlements */ = {isa = PBXFileReference; lastKnownFileType = text.plist.entitlements; path = NC2.entitlements; sourceTree = "<group>"; };
/* End PBXFileReference section */

/* Begin PBXFrameworksBuildPhase section */
		2AAD3AAD2C1CCA9500D07AFF /* Frameworks */ = {
			isa = PBXFrameworksBuildPhase;
			buildActionMask = 2147483647;
			files = (
			);
			runOnlyForDeploymentPostprocessing = 0;
		};
/* End PBXFrameworksBuildPhase section */

/* Begin PBXGroup section */
		2A9DB8DF2C2002DA00B37BD9 /* Managers */ = {
			isa = PBXGroup;
			children = (
				2A9DB8E02C2002F200B37BD9 /* ViewStateManager.swift */,
			);
			path = Managers;
			sourceTree = "<group>";
		};
		2A9DB8E42C2003BD00B37BD9 /* Views */ = {
			isa = PBXGroup;
			children = (
				2AAD3AB52C1CCA9500D07AFF /* CustomCalendarView.swift */,
				2A9DB8E52C2003D200B37BD9 /* SplashView.swift */,
				2A9DB91E2C20107500B37BD9 /* OnboardingView.swift */,
			);
			path = Views;
			sourceTree = "<group>";
		};
		2A9DB8E92C20071A00B37BD9 /* Fonts */ = {
			isa = PBXGroup;
			children = (
				2A9DB9132C200BAF00B37BD9 /* PretendardJP-Black.otf */,
				2A9DB90C2C200BAF00B37BD9 /* PretendardJP-Bold.otf */,
				2A9DB90F2C200BAF00B37BD9 /* PretendardJP-ExtraBold.otf */,
				2A9DB90D2C200BAF00B37BD9 /* PretendardJP-ExtraLight.otf */,
				2A9DB90E2C200BAF00B37BD9 /* PretendardJP-Light.otf */,
				2A9DB9112C200BAF00B37BD9 /* PretendardJP-Medium.otf */,
				2A9DB9102C200BAF00B37BD9 /* PretendardJP-Regular.otf */,
				2A9DB9122C200BAF00B37BD9 /* PretendardJP-SemiBold.otf */,
				2A9DB9142C200BAF00B37BD9 /* PretendardJP-Thin.otf */,
				2A9DB9062C20084900B37BD9 /* Font.swift */,
			);
			path = Fonts;
			sourceTree = "<group>";
		};
		2A9DB9082C200B1200B37BD9 /* Utils */ = {
			isa = PBXGroup;
			children = (
				2A9DB8E92C20071A00B37BD9 /* Fonts */,
				2A9DB9092C200B1F00B37BD9 /* Extensions */,
			);
			path = Utils;
			sourceTree = "<group>";
		};
		2A9DB9092C200B1F00B37BD9 /* Extensions */ = {
			isa = PBXGroup;
			children = (
				2A9DB90A2C200B3600B37BD9 /* Color+Extension.swift */,
			);
			path = Extensions;
			sourceTree = "<group>";
		};
		2AAD3AA72C1CCA9500D07AFF = {
			isa = PBXGroup;
			children = (
				2A9DB9082C200B1200B37BD9 /* Utils */,
				2A9DB8E72C20060300B37BD9 /* Localizable.xcstrings */,
				2AAD3AB22C1CCA9500D07AFF /* NC2 */,
				2AAD3AB12C1CCA9500D07AFF /* Products */,
			);
			sourceTree = "<group>";
		};
		2AAD3AB12C1CCA9500D07AFF /* Products */ = {
			isa = PBXGroup;
			children = (
				2AAD3AB02C1CCA9500D07AFF /* NC2.app */,
			);
			name = Products;
			sourceTree = "<group>";
		};
		2AAD3AB22C1CCA9500D07AFF /* NC2 */ = {
			isa = PBXGroup;
			children = (
				2A9DB9052C2007B300B37BD9 /* Info.plist */,
				2A9DB8DF2C2002DA00B37BD9 /* Managers */,
				2A9DB8E42C2003BD00B37BD9 /* Views */,
				2A9DB8E22C20035800B37BD9 /* ContentView.swift */,
				2AAD3AB32C1CCA9500D07AFF /* NC2App.swift */,
				2AAD3AB72C1CCA9700D07AFF /* Assets.xcassets */,
				2AAD3AB92C1CCA9700D07AFF /* NC2.entitlements */,
			);
			path = NC2;
			sourceTree = "<group>";
		};
/* End PBXGroup section */

/* Begin PBXNativeTarget section */
		2AAD3AAF2C1CCA9500D07AFF /* NC2 */ = {
			isa = PBXNativeTarget;
			buildConfigurationList = 2AAD3AD52C1CCA9700D07AFF /* Build configuration list for PBXNativeTarget "NC2" */;
			buildPhases = (
				2AAD3AAC2C1CCA9500D07AFF /* Sources */,
				2AAD3AAD2C1CCA9500D07AFF /* Frameworks */,
				2AAD3AAE2C1CCA9500D07AFF /* Resources */,
			);
			buildRules = (
			);
			dependencies = (
			);
			name = NC2;
			productName = NC2;
			productReference = 2AAD3AB02C1CCA9500D07AFF /* NC2.app */;
			productType = "com.apple.product-type.application";
		};
/* End PBXNativeTarget section */

/* Begin PBXProject section */
		2AAD3AA82C1CCA9500D07AFF /* Project object */ = {
			isa = PBXProject;
			attributes = {
				BuildIndependentTargetsInParallel = 1;
				LastSwiftUpdateCheck = 1540;
				LastUpgradeCheck = 1540;
				TargetAttributes = {
					2AAD3AAF2C1CCA9500D07AFF = {
						CreatedOnToolsVersion = 15.4;
					};
				};
			};
			buildConfigurationList = 2AAD3AAB2C1CCA9500D07AFF /* Build configuration list for PBXProject "NC2" */;
			compatibilityVersion = "Xcode 14.0";
			developmentRegion = en;
			hasScannedForEncodings = 0;
			knownRegions = (
				en,
				Base,
				ko,
				ja,
			);
			mainGroup = 2AAD3AA72C1CCA9500D07AFF;
			productRefGroup = 2AAD3AB12C1CCA9500D07AFF /* Products */;
			projectDirPath = "";
			projectRoot = "";
			targets = (
				2AAD3AAF2C1CCA9500D07AFF /* NC2 */,
			);
		};
/* End PBXProject section */

/* Begin PBXResourcesBuildPhase section */
		2AAD3AAE2C1CCA9500D07AFF /* Resources */ = {
			isa = PBXResourcesBuildPhase;
			buildActionMask = 2147483647;
			files = (
				2AAD3AB82C1CCA9700D07AFF /* Assets.xcassets in Resources */,
				2A9DB8E82C20060300B37BD9 /* Localizable.xcstrings in Resources */,
				2A9DB9182C200BAF00B37BD9 /* PretendardJP-ExtraBold.otf in Resources */,
				2A9DB91B2C200BAF00B37BD9 /* PretendardJP-SemiBold.otf in Resources */,
				2A9DB9162C200BAF00B37BD9 /* PretendardJP-ExtraLight.otf in Resources */,
				2A9DB9192C200BAF00B37BD9 /* PretendardJP-Regular.otf in Resources */,
				2A9DB91C2C200BAF00B37BD9 /* PretendardJP-Black.otf in Resources */,
				2A9DB91D2C200BAF00B37BD9 /* PretendardJP-Thin.otf in Resources */,
				2A9DB9152C200BAF00B37BD9 /* PretendardJP-Bold.otf in Resources */,
				2A9DB9172C200BAF00B37BD9 /* PretendardJP-Light.otf in Resources */,
				2A9DB91A2C200BAF00B37BD9 /* PretendardJP-Medium.otf in Resources */,
			);
			runOnlyForDeploymentPostprocessing = 0;
		};
/* End PBXResourcesBuildPhase section */

/* Begin PBXSourcesBuildPhase section */
		2AAD3AAC2C1CCA9500D07AFF /* Sources */ = {
			isa = PBXSourcesBuildPhase;
			buildActionMask = 2147483647;
			files = (
				2A9DB8E12C2002F200B37BD9 /* ViewStateManager.swift in Sources */,
				2A9DB90B2C200B3600B37BD9 /* Color+Extension.swift in Sources */,
				2AAD3AB62C1CCA9500D07AFF /* CustomCalendarView.swift in Sources */,
				2A9DB9072C20084900B37BD9 /* Font.swift in Sources */,
				2A9DB8E62C2003D200B37BD9 /* SplashView.swift in Sources */,
				2A9DB8E32C20035800B37BD9 /* ContentView.swift in Sources */,
				2A9DB91F2C20107500B37BD9 /* OnboardingView.swift in Sources */,
				2AAD3AB42C1CCA9500D07AFF /* NC2App.swift in Sources */,
			);
			runOnlyForDeploymentPostprocessing = 0;
		};
/* End PBXSourcesBuildPhase section */

/* Begin XCBuildConfiguration section */
		2AAD3AD32C1CCA9700D07AFF /* Debug */ = {
			isa = XCBuildConfiguration;
			buildSettings = {
				ALWAYS_SEARCH_USER_PATHS = NO;
				ASSETCATALOG_COMPILER_GENERATE_SWIFT_ASSET_SYMBOL_EXTENSIONS = YES;
				CLANG_ANALYZER_NONNULL = YES;
				CLANG_ANALYZER_NUMBER_OBJECT_CONVERSION = YES_AGGRESSIVE;
				CLANG_CXX_LANGUAGE_STANDARD = "gnu++20";
				CLANG_ENABLE_MODULES = YES;
				CLANG_ENABLE_OBJC_ARC = YES;
				CLANG_ENABLE_OBJC_WEAK = YES;
				CLANG_WARN_BLOCK_CAPTURE_AUTORELEASING = YES;
				CLANG_WARN_BOOL_CONVERSION = YES;
				CLANG_WARN_COMMA = YES;
				CLANG_WARN_CONSTANT_CONVERSION = YES;
				CLANG_WARN_DEPRECATED_OBJC_IMPLEMENTATIONS = YES;
				CLANG_WARN_DIRECT_OBJC_ISA_USAGE = YES_ERROR;
				CLANG_WARN_DOCUMENTATION_COMMENTS = YES;
				CLANG_WARN_EMPTY_BODY = YES;
				CLANG_WARN_ENUM_CONVERSION = YES;
				CLANG_WARN_INFINITE_RECURSION = YES;
				CLANG_WARN_INT_CONVERSION = YES;
				CLANG_WARN_NON_LITERAL_NULL_CONVERSION = YES;
				CLANG_WARN_OBJC_IMPLICIT_RETAIN_SELF = YES;
				CLANG_WARN_OBJC_LITERAL_CONVERSION = YES;
				CLANG_WARN_OBJC_ROOT_CLASS = YES_ERROR;
				CLANG_WARN_QUOTED_INCLUDE_IN_FRAMEWORK_HEADER = YES;
				CLANG_WARN_RANGE_LOOP_ANALYSIS = YES;
				CLANG_WARN_STRICT_PROTOTYPES = YES;
				CLANG_WARN_SUSPICIOUS_MOVE = YES;
				CLANG_WARN_UNGUARDED_AVAILABILITY = YES_AGGRESSIVE;
				CLANG_WARN_UNREACHABLE_CODE = YES;
				CLANG_WARN__DUPLICATE_METHOD_MATCH = YES;
				COPY_PHASE_STRIP = NO;
				DEBUG_INFORMATION_FORMAT = dwarf;
				ENABLE_STRICT_OBJC_MSGSEND = YES;
				ENABLE_TESTABILITY = YES;
				ENABLE_USER_SCRIPT_SANDBOXING = YES;
				GCC_C_LANGUAGE_STANDARD = gnu17;
				GCC_DYNAMIC_NO_PIC = NO;
				GCC_NO_COMMON_BLOCKS = YES;
				GCC_OPTIMIZATION_LEVEL = 0;
				GCC_PREPROCESSOR_DEFINITIONS = (
					"DEBUG=1",
					"$(inherited)",
				);
				GCC_WARN_64_TO_32_BIT_CONVERSION = YES;
				GCC_WARN_ABOUT_RETURN_TYPE = YES_ERROR;
				GCC_WARN_UNDECLARED_SELECTOR = YES;
				GCC_WARN_UNINITIALIZED_AUTOS = YES_AGGRESSIVE;
				GCC_WARN_UNUSED_FUNCTION = YES;
				GCC_WARN_UNUSED_VARIABLE = YES;
				LOCALIZATION_PREFERS_STRING_CATALOGS = YES;
				MTL_ENABLE_DEBUG_INFO = INCLUDE_SOURCE;
				MTL_FAST_MATH = YES;
				ONLY_ACTIVE_ARCH = YES;
				SWIFT_ACTIVE_COMPILATION_CONDITIONS = "DEBUG $(inherited)";
				SWIFT_OPTIMIZATION_LEVEL = "-Onone";
			};
			name = Debug;
		};
		2AAD3AD42C1CCA9700D07AFF /* Release */ = {
			isa = XCBuildConfiguration;
			buildSettings = {
				ALWAYS_SEARCH_USER_PATHS = NO;
				ASSETCATALOG_COMPILER_GENERATE_SWIFT_ASSET_SYMBOL_EXTENSIONS = YES;
				CLANG_ANALYZER_NONNULL = YES;
				CLANG_ANALYZER_NUMBER_OBJECT_CONVERSION = YES_AGGRESSIVE;
				CLANG_CXX_LANGUAGE_STANDARD = "gnu++20";
				CLANG_ENABLE_MODULES = YES;
				CLANG_ENABLE_OBJC_ARC = YES;
				CLANG_ENABLE_OBJC_WEAK = YES;
				CLANG_WARN_BLOCK_CAPTURE_AUTORELEASING = YES;
				CLANG_WARN_BOOL_CONVERSION = YES;
				CLANG_WARN_COMMA = YES;
				CLANG_WARN_CONSTANT_CONVERSION = YES;
				CLANG_WARN_DEPRECATED_OBJC_IMPLEMENTATIONS = YES;
				CLANG_WARN_DIRECT_OBJC_ISA_USAGE = YES_ERROR;
				CLANG_WARN_DOCUMENTATION_COMMENTS = YES;
				CLANG_WARN_EMPTY_BODY = YES;
				CLANG_WARN_ENUM_CONVERSION = YES;
				CLANG_WARN_INFINITE_RECURSION = YES;
				CLANG_WARN_INT_CONVERSION = YES;
				CLANG_WARN_NON_LITERAL_NULL_CONVERSION = YES;
				CLANG_WARN_OBJC_IMPLICIT_RETAIN_SELF = YES;
				CLANG_WARN_OBJC_LITERAL_CONVERSION = YES;
				CLANG_WARN_OBJC_ROOT_CLASS = YES_ERROR;
				CLANG_WARN_QUOTED_INCLUDE_IN_FRAMEWORK_HEADER = YES;
				CLANG_WARN_RANGE_LOOP_ANALYSIS = YES;
				CLANG_WARN_STRICT_PROTOTYPES = YES;
				CLANG_WARN_SUSPICIOUS_MOVE = YES;
				CLANG_WARN_UNGUARDED_AVAILABILITY = YES_AGGRESSIVE;
				CLANG_WARN_UNREACHABLE_CODE = YES;
				CLANG_WARN__DUPLICATE_METHOD_MATCH = YES;
				COPY_PHASE_STRIP = NO;
				DEBUG_INFORMATION_FORMAT = "dwarf-with-dsym";
				ENABLE_NS_ASSERTIONS = NO;
				ENABLE_STRICT_OBJC_MSGSEND = YES;
				ENABLE_USER_SCRIPT_SANDBOXING = YES;
				GCC_C_LANGUAGE_STANDARD = gnu17;
				GCC_NO_COMMON_BLOCKS = YES;
				GCC_WARN_64_TO_32_BIT_CONVERSION = YES;
				GCC_WARN_ABOUT_RETURN_TYPE = YES_ERROR;
				GCC_WARN_UNDECLARED_SELECTOR = YES;
				GCC_WARN_UNINITIALIZED_AUTOS = YES_AGGRESSIVE;
				GCC_WARN_UNUSED_FUNCTION = YES;
				GCC_WARN_UNUSED_VARIABLE = YES;
				LOCALIZATION_PREFERS_STRING_CATALOGS = YES;
				MTL_ENABLE_DEBUG_INFO = NO;
				MTL_FAST_MATH = YES;
				SWIFT_COMPILATION_MODE = wholemodule;
			};
			name = Release;
		};
		2AAD3AD62C1CCA9700D07AFF /* Debug */ = {
			isa = XCBuildConfiguration;
			buildSettings = {
				ASSETCATALOG_COMPILER_APPICON_NAME = AppIcon;
				ASSETCATALOG_COMPILER_GLOBAL_ACCENT_COLOR_NAME = AccentColor;
				CODE_SIGN_ENTITLEMENTS = NC2/NC2.entitlements;
				CODE_SIGN_STYLE = Automatic;
				CURRENT_PROJECT_VERSION = 1;
				DEVELOPMENT_ASSET_PATHS = "\"NC2/Preview Content\"";
				DEVELOPMENT_TEAM = X3V79774F4;
				ENABLE_HARDENED_RUNTIME = YES;
				ENABLE_PREVIEWS = YES;
				GENERATE_INFOPLIST_FILE = YES;
				INFOPLIST_FILE = NC2/Info.plist;
				"INFOPLIST_KEY_UIApplicationSceneManifest_Generation[sdk=iphoneos*]" = YES;
				"INFOPLIST_KEY_UIApplicationSceneManifest_Generation[sdk=iphonesimulator*]" = YES;
				"INFOPLIST_KEY_UIApplicationSupportsIndirectInputEvents[sdk=iphoneos*]" = YES;
				"INFOPLIST_KEY_UIApplicationSupportsIndirectInputEvents[sdk=iphonesimulator*]" = YES;
				"INFOPLIST_KEY_UILaunchScreen_Generation[sdk=iphoneos*]" = YES;
				"INFOPLIST_KEY_UILaunchScreen_Generation[sdk=iphonesimulator*]" = YES;
				"INFOPLIST_KEY_UIStatusBarStyle[sdk=iphoneos*]" = UIStatusBarStyleDefault;
				"INFOPLIST_KEY_UIStatusBarStyle[sdk=iphonesimulator*]" = UIStatusBarStyleDefault;
				INFOPLIST_KEY_UISupportedInterfaceOrientations_iPad = "UIInterfaceOrientationPortrait UIInterfaceOrientationPortraitUpsideDown UIInterfaceOrientationLandscapeLeft UIInterfaceOrientationLandscapeRight";
				INFOPLIST_KEY_UISupportedInterfaceOrientations_iPhone = "UIInterfaceOrientationPortrait UIInterfaceOrientationLandscapeLeft UIInterfaceOrientationLandscapeRight";
				IPHONEOS_DEPLOYMENT_TARGET = 17.5;
				LD_RUNPATH_SEARCH_PATHS = "@executable_path/Frameworks";
				"LD_RUNPATH_SEARCH_PATHS[sdk=macosx*]" = "@executable_path/../Frameworks";
				MACOSX_DEPLOYMENT_TARGET = 14.5;
				MARKETING_VERSION = 1.0;
				PRODUCT_BUNDLE_IDENTIFIER = me.devjonny.NC2;
				PRODUCT_NAME = "$(TARGET_NAME)";
				SDKROOT = auto;
				SUPPORTED_PLATFORMS = "iphoneos iphonesimulator macosx";
				SWIFT_EMIT_LOC_STRINGS = YES;
				SWIFT_VERSION = 5.0;
				TARGETED_DEVICE_FAMILY = "1,2";
			};
			name = Debug;
		};
		2AAD3AD72C1CCA9700D07AFF /* Release */ = {
			isa = XCBuildConfiguration;
			buildSettings = {
				ASSETCATALOG_COMPILER_APPICON_NAME = AppIcon;
				ASSETCATALOG_COMPILER_GLOBAL_ACCENT_COLOR_NAME = AccentColor;
				CODE_SIGN_ENTITLEMENTS = NC2/NC2.entitlements;
				CODE_SIGN_STYLE = Automatic;
				CURRENT_PROJECT_VERSION = 1;
				DEVELOPMENT_ASSET_PATHS = "\"NC2/Preview Content\"";
				DEVELOPMENT_TEAM = X3V79774F4;
				ENABLE_HARDENED_RUNTIME = YES;
				ENABLE_PREVIEWS = YES;
				GENERATE_INFOPLIST_FILE = YES;
				INFOPLIST_FILE = NC2/Info.plist;
				"INFOPLIST_KEY_UIApplicationSceneManifest_Generation[sdk=iphoneos*]" = YES;
				"INFOPLIST_KEY_UIApplicationSceneManifest_Generation[sdk=iphonesimulator*]" = YES;
				"INFOPLIST_KEY_UIApplicationSupportsIndirectInputEvents[sdk=iphoneos*]" = YES;
				"INFOPLIST_KEY_UIApplicationSupportsIndirectInputEvents[sdk=iphonesimulator*]" = YES;
				"INFOPLIST_KEY_UILaunchScreen_Generation[sdk=iphoneos*]" = YES;
				"INFOPLIST_KEY_UILaunchScreen_Generation[sdk=iphonesimulator*]" = YES;
				"INFOPLIST_KEY_UIStatusBarStyle[sdk=iphoneos*]" = UIStatusBarStyleDefault;
				"INFOPLIST_KEY_UIStatusBarStyle[sdk=iphonesimulator*]" = UIStatusBarStyleDefault;
				INFOPLIST_KEY_UISupportedInterfaceOrientations_iPad = "UIInterfaceOrientationPortrait UIInterfaceOrientationPortraitUpsideDown UIInterfaceOrientationLandscapeLeft UIInterfaceOrientationLandscapeRight";
				INFOPLIST_KEY_UISupportedInterfaceOrientations_iPhone = "UIInterfaceOrientationPortrait UIInterfaceOrientationLandscapeLeft UIInterfaceOrientationLandscapeRight";
				IPHONEOS_DEPLOYMENT_TARGET = 17.5;
				LD_RUNPATH_SEARCH_PATHS = "@executable_path/Frameworks";
				"LD_RUNPATH_SEARCH_PATHS[sdk=macosx*]" = "@executable_path/../Frameworks";
				MACOSX_DEPLOYMENT_TARGET = 14.5;
				MARKETING_VERSION = 1.0;
				PRODUCT_BUNDLE_IDENTIFIER = me.devjonny.NC2;
				PRODUCT_NAME = "$(TARGET_NAME)";
				SDKROOT = auto;
				SUPPORTED_PLATFORMS = "iphoneos iphonesimulator macosx";
				SWIFT_EMIT_LOC_STRINGS = YES;
				SWIFT_VERSION = 5.0;
				TARGETED_DEVICE_FAMILY = "1,2";
			};
			name = Release;
		};
/* End XCBuildConfiguration section */

/* Begin XCConfigurationList section */
		2AAD3AAB2C1CCA9500D07AFF /* Build configuration list for PBXProject "NC2" */ = {
			isa = XCConfigurationList;
			buildConfigurations = (
				2AAD3AD32C1CCA9700D07AFF /* Debug */,
				2AAD3AD42C1CCA9700D07AFF /* Release */,
			);
			defaultConfigurationIsVisible = 0;
			defaultConfigurationName = Release;
		};
		2AAD3AD52C1CCA9700D07AFF /* Build configuration list for PBXNativeTarget "NC2" */ = {
			isa = XCConfigurationList;
			buildConfigurations = (
				2AAD3AD62C1CCA9700D07AFF /* Debug */,
				2AAD3AD72C1CCA9700D07AFF /* Release */,
			);
			defaultConfigurationIsVisible = 0;
			defaultConfigurationName = Release;
		};
/* End XCConfigurationList section */
	};
	rootObject = 2AAD3AA82C1CCA9500D07AFF /* Project object */;
}
