// !$*UTF8*$!
{
	archiveVersion = 1;
	classes = {
	};
	objectVersion = 56;
	objects = {

/* Begin PBXBuildFile section */
		2A2083442C219B0400A3F224 /* HomeViewModel.swift in Sources */ = {isa = PBXBuildFile; fileRef = 2A2083432C219B0400A3F224 /* HomeViewModel.swift */; };
		2A2083472C219BD400A3F224 /* CalendarView.swift in Sources */ = {isa = PBXBuildFile; fileRef = 2A2083462C219BD400A3F224 /* CalendarView.swift */; };
		2A20834A2C21EFD800A3F224 /* TransactionDataManager.swift in Sources */ = {isa = PBXBuildFile; fileRef = 2A2083492C21EFD800A3F224 /* TransactionDataManager.swift */; };
		2A20834D2C22A3A600A3F224 /* SpeechRecognitionManager.swift in Sources */ = {isa = PBXBuildFile; fileRef = 2A20834C2C22A3A600A3F224 /* SpeechRecognitionManager.swift */; };
		2A7A8B9F2C22D64900C310E5 /* DontAdaptsToKeyboard.swift in Sources */ = {isa = PBXBuildFile; fileRef = 2A7A8B9E2C22D64900C310E5 /* DontAdaptsToKeyboard.swift */; };
		2A7A8BEB2C23F81F00C310E5 /* WidgetKit.framework in Frameworks */ = {isa = PBXBuildFile; fileRef = 2A7A8BA62C23F31D00C310E5 /* WidgetKit.framework */; };
		2A7A8BEC2C23F81F00C310E5 /* SwiftUI.framework in Frameworks */ = {isa = PBXBuildFile; fileRef = 2A7A8BA82C23F31D00C310E5 /* SwiftUI.framework */; };
		2A7A8BEF2C23F81F00C310E5 /* CircularWidgetBundle.swift in Sources */ = {isa = PBXBuildFile; fileRef = 2A7A8BEE2C23F81F00C310E5 /* CircularWidgetBundle.swift */; };
		2A7A8BF12C23F81F00C310E5 /* Widget.swift in Sources */ = {isa = PBXBuildFile; fileRef = 2A7A8BF02C23F81F00C310E5 /* Widget.swift */; };
		2A7A8BF32C23F82100C310E5 /* Assets.xcassets in Resources */ = {isa = PBXBuildFile; fileRef = 2A7A8BF22C23F82100C310E5 /* Assets.xcassets */; };
		2A7A8BF72C23F82100C310E5 /* CircularWidgetExtension.appex in Embed Foundation Extensions */ = {isa = PBXBuildFile; fileRef = 2A7A8BEA2C23F81F00C310E5 /* CircularWidgetExtension.appex */; settings = {ATTRIBUTES = (RemoveHeadersOnCopy, ); }; };
		2A7A8BFE2C24043900C310E5 /* MoneySpeechModelJP.mlmodel in Sources */ = {isa = PBXBuildFile; fileRef = 2A7A8BFD2C24043900C310E5 /* MoneySpeechModelJP.mlmodel */; };
		2A7A8C002C241DEB00C310E5 /* MoneySpeechModelKR.mlmodel in Sources */ = {isa = PBXBuildFile; fileRef = 2A7A8BFF2C241DEB00C310E5 /* MoneySpeechModelKR.mlmodel */; };
		2A7A8C062C243FED00C310E5 /* RectangularWidget.swift in Sources */ = {isa = PBXBuildFile; fileRef = 2A7A8C052C243FED00C310E5 /* RectangularWidget.swift */; };
		2A9DB8E12C2002F200B37BD9 /* ViewStateManager.swift in Sources */ = {isa = PBXBuildFile; fileRef = 2A9DB8E02C2002F200B37BD9 /* ViewStateManager.swift */; };
		2A9DB8E32C20035800B37BD9 /* ContentView.swift in Sources */ = {isa = PBXBuildFile; fileRef = 2A9DB8E22C20035800B37BD9 /* ContentView.swift */; };
		2A9DB8E62C2003D200B37BD9 /* SplashView.swift in Sources */ = {isa = PBXBuildFile; fileRef = 2A9DB8E52C2003D200B37BD9 /* SplashView.swift */; };
		2A9DB8E82C20060300B37BD9 /* Localizable.xcstrings in Resources */ = {isa = PBXBuildFile; fileRef = 2A9DB8E72C20060300B37BD9 /* Localizable.xcstrings */; };
		2A9DB9072C20084900B37BD9 /* Font.swift in Sources */ = {isa = PBXBuildFile; fileRef = 2A9DB9062C20084900B37BD9 /* Font.swift */; };
		2A9DB90B2C200B3600B37BD9 /* Color+Extension.swift in Sources */ = {isa = PBXBuildFile; fileRef = 2A9DB90A2C200B3600B37BD9 /* Color+Extension.swift */; };
		2A9DB91F2C20107500B37BD9 /* OnboardingView.swift in Sources */ = {isa = PBXBuildFile; fileRef = 2A9DB91E2C20107500B37BD9 /* OnboardingView.swift */; };
		2A9DB9232C201E8600B37BD9 /* HomeView.swift in Sources */ = {isa = PBXBuildFile; fileRef = 2A9DB9222C201E8600B37BD9 /* HomeView.swift */; };
		2A9DB9252C2062AE00B37BD9 /* DetailSheet.swift in Sources */ = {isa = PBXBuildFile; fileRef = 2A9DB9242C2062AE00B37BD9 /* DetailSheet.swift */; };
		2A9DB92B2C2064A500B37BD9 /* Transaction.swift in Sources */ = {isa = PBXBuildFile; fileRef = 2A9DB92A2C2064A500B37BD9 /* Transaction.swift */; };
		2A9DB93E2C2067CD00B37BD9 /* PretendardJP-Black.otf in Resources */ = {isa = PBXBuildFile; fileRef = 2A9DB9352C2067CC00B37BD9 /* PretendardJP-Black.otf */; };
		2A9DB93F2C2067CD00B37BD9 /* PretendardJP-ExtraLight.otf in Resources */ = {isa = PBXBuildFile; fileRef = 2A9DB9362C2067CC00B37BD9 /* PretendardJP-ExtraLight.otf */; };
		2A9DB9402C2067CD00B37BD9 /* PretendardJP-Regular.otf in Resources */ = {isa = PBXBuildFile; fileRef = 2A9DB9372C2067CC00B37BD9 /* PretendardJP-Regular.otf */; };
		2A9DB9412C2067CD00B37BD9 /* PretendardJP-Medium.otf in Resources */ = {isa = PBXBuildFile; fileRef = 2A9DB9382C2067CC00B37BD9 /* PretendardJP-Medium.otf */; };
		2A9DB9422C2067CD00B37BD9 /* PretendardJP-ExtraBold.otf in Resources */ = {isa = PBXBuildFile; fileRef = 2A9DB9392C2067CC00B37BD9 /* PretendardJP-ExtraBold.otf */; };
		2A9DB9432C2067CD00B37BD9 /* PretendardJP-Light.otf in Resources */ = {isa = PBXBuildFile; fileRef = 2A9DB93A2C2067CC00B37BD9 /* PretendardJP-Light.otf */; };
		2A9DB9442C2067CD00B37BD9 /* PretendardJP-SemiBold.otf in Resources */ = {isa = PBXBuildFile; fileRef = 2A9DB93B2C2067CC00B37BD9 /* PretendardJP-SemiBold.otf */; };
		2A9DB9452C2067CD00B37BD9 /* PretendardJP-Thin.otf in Resources */ = {isa = PBXBuildFile; fileRef = 2A9DB93C2C2067CC00B37BD9 /* PretendardJP-Thin.otf */; };
		2A9DB9462C2067CD00B37BD9 /* PretendardJP-Bold.otf in Resources */ = {isa = PBXBuildFile; fileRef = 2A9DB93D2C2067CC00B37BD9 /* PretendardJP-Bold.otf */; };
		2AAD3AB42C1CCA9500D07AFF /* MonEasyApp.swift in Sources */ = {isa = PBXBuildFile; fileRef = 2AAD3AB32C1CCA9500D07AFF /* MonEasyApp.swift */; };
		2AAD3AB82C1CCA9700D07AFF /* Assets.xcassets in Resources */ = {isa = PBXBuildFile; fileRef = 2AAD3AB72C1CCA9700D07AFF /* Assets.xcassets */; };
/* End PBXBuildFile section */

/* Begin PBXContainerItemProxy section */
		2A7A8BF52C23F82100C310E5 /* PBXContainerItemProxy */ = {
			isa = PBXContainerItemProxy;
			containerPortal = 2AAD3AA82C1CCA9500D07AFF /* Project object */;
			proxyType = 1;
			remoteGlobalIDString = 2A7A8BE92C23F81F00C310E5;
			remoteInfo = CircularWidgetExtension;
		};
/* End PBXContainerItemProxy section */

/* Begin PBXCopyFilesBuildPhase section */
		2A7A8BBC2C23F31E00C310E5 /* Embed Foundation Extensions */ = {
			isa = PBXCopyFilesBuildPhase;
			buildActionMask = 2147483647;
			dstPath = "";
			dstSubfolderSpec = 13;
			files = (
				2A7A8BF72C23F82100C310E5 /* CircularWidgetExtension.appex in Embed Foundation Extensions */,
			);
			name = "Embed Foundation Extensions";
			runOnlyForDeploymentPostprocessing = 0;
		};
/* End PBXCopyFilesBuildPhase section */

/* Begin PBXFileReference section */
		2A2083432C219B0400A3F224 /* HomeViewModel.swift */ = {isa = PBXFileReference; lastKnownFileType = sourcecode.swift; path = HomeViewModel.swift; sourceTree = "<group>"; };
		2A2083462C219BD400A3F224 /* CalendarView.swift */ = {isa = PBXFileReference; lastKnownFileType = sourcecode.swift; path = CalendarView.swift; sourceTree = "<group>"; };
		2A2083492C21EFD800A3F224 /* TransactionDataManager.swift */ = {isa = PBXFileReference; lastKnownFileType = sourcecode.swift; path = TransactionDataManager.swift; sourceTree = "<group>"; };
		2A20834C2C22A3A600A3F224 /* SpeechRecognitionManager.swift */ = {isa = PBXFileReference; lastKnownFileType = sourcecode.swift; path = SpeechRecognitionManager.swift; sourceTree = "<group>"; };
		2A7A8B9E2C22D64900C310E5 /* DontAdaptsToKeyboard.swift */ = {isa = PBXFileReference; lastKnownFileType = sourcecode.swift; path = DontAdaptsToKeyboard.swift; sourceTree = "<group>"; };
		2A7A8BA62C23F31D00C310E5 /* WidgetKit.framework */ = {isa = PBXFileReference; lastKnownFileType = wrapper.framework; name = WidgetKit.framework; path = System/Library/Frameworks/WidgetKit.framework; sourceTree = SDKROOT; };
		2A7A8BA82C23F31D00C310E5 /* SwiftUI.framework */ = {isa = PBXFileReference; lastKnownFileType = wrapper.framework; name = SwiftUI.framework; path = System/Library/Frameworks/SwiftUI.framework; sourceTree = SDKROOT; };
		2A7A8BEA2C23F81F00C310E5 /* CircularWidgetExtension.appex */ = {isa = PBXFileReference; explicitFileType = "wrapper.app-extension"; includeInIndex = 0; path = CircularWidgetExtension.appex; sourceTree = BUILT_PRODUCTS_DIR; };
		2A7A8BEE2C23F81F00C310E5 /* CircularWidgetBundle.swift */ = {isa = PBXFileReference; lastKnownFileType = sourcecode.swift; path = CircularWidgetBundle.swift; sourceTree = "<group>"; };
		2A7A8BF02C23F81F00C310E5 /* Widget.swift */ = {isa = PBXFileReference; lastKnownFileType = sourcecode.swift; path = Widget.swift; sourceTree = "<group>"; };
		2A7A8BF22C23F82100C310E5 /* Assets.xcassets */ = {isa = PBXFileReference; lastKnownFileType = folder.assetcatalog; path = Assets.xcassets; sourceTree = "<group>"; };
		2A7A8BF42C23F82100C310E5 /* Info.plist */ = {isa = PBXFileReference; lastKnownFileType = text.plist.xml; path = Info.plist; sourceTree = "<group>"; };
		2A7A8BFD2C24043900C310E5 /* MoneySpeechModelJP.mlmodel */ = {isa = PBXFileReference; lastKnownFileType = file.mlmodel; path = MoneySpeechModelJP.mlmodel; sourceTree = "<group>"; };
		2A7A8BFF2C241DEB00C310E5 /* MoneySpeechModelKR.mlmodel */ = {isa = PBXFileReference; lastKnownFileType = file.mlmodel; path = MoneySpeechModelKR.mlmodel; sourceTree = "<group>"; };
		2A7A8C052C243FED00C310E5 /* RectangularWidget.swift */ = {isa = PBXFileReference; lastKnownFileType = sourcecode.swift; path = RectangularWidget.swift; sourceTree = "<group>"; };
		2A9DB8E02C2002F200B37BD9 /* ViewStateManager.swift */ = {isa = PBXFileReference; lastKnownFileType = sourcecode.swift; path = ViewStateManager.swift; sourceTree = "<group>"; };
		2A9DB8E22C20035800B37BD9 /* ContentView.swift */ = {isa = PBXFileReference; lastKnownFileType = sourcecode.swift; path = ContentView.swift; sourceTree = "<group>"; };
		2A9DB8E52C2003D200B37BD9 /* SplashView.swift */ = {isa = PBXFileReference; lastKnownFileType = sourcecode.swift; path = SplashView.swift; sourceTree = "<group>"; };
		2A9DB8E72C20060300B37BD9 /* Localizable.xcstrings */ = {isa = PBXFileReference; lastKnownFileType = text.json.xcstrings; path = Localizable.xcstrings; sourceTree = "<group>"; };
		2A9DB9052C2007B300B37BD9 /* Info.plist */ = {isa = PBXFileReference; lastKnownFileType = text.plist; path = Info.plist; sourceTree = "<group>"; };
		2A9DB9062C20084900B37BD9 /* Font.swift */ = {isa = PBXFileReference; lastKnownFileType = sourcecode.swift; path = Font.swift; sourceTree = "<group>"; };
		2A9DB90A2C200B3600B37BD9 /* Color+Extension.swift */ = {isa = PBXFileReference; lastKnownFileType = sourcecode.swift; path = "Color+Extension.swift"; sourceTree = "<group>"; };
		2A9DB91E2C20107500B37BD9 /* OnboardingView.swift */ = {isa = PBXFileReference; lastKnownFileType = sourcecode.swift; path = OnboardingView.swift; sourceTree = "<group>"; };
		2A9DB9222C201E8600B37BD9 /* HomeView.swift */ = {isa = PBXFileReference; lastKnownFileType = sourcecode.swift; path = HomeView.swift; sourceTree = "<group>"; };
		2A9DB9242C2062AE00B37BD9 /* DetailSheet.swift */ = {isa = PBXFileReference; lastKnownFileType = sourcecode.swift; path = DetailSheet.swift; sourceTree = "<group>"; };
		2A9DB92A2C2064A500B37BD9 /* Transaction.swift */ = {isa = PBXFileReference; lastKnownFileType = sourcecode.swift; path = Transaction.swift; sourceTree = "<group>"; };
		2A9DB9352C2067CC00B37BD9 /* PretendardJP-Black.otf */ = {isa = PBXFileReference; lastKnownFileType = file; name = "PretendardJP-Black.otf"; path = "../../../../../../../../../../Downloads/PretendardJP-1.3.9/public/static/PretendardJP-Black.otf"; sourceTree = "<group>"; };
		2A9DB9362C2067CC00B37BD9 /* PretendardJP-ExtraLight.otf */ = {isa = PBXFileReference; lastKnownFileType = file; name = "PretendardJP-ExtraLight.otf"; path = "../../../../../../../../../../Downloads/PretendardJP-1.3.9/public/static/PretendardJP-ExtraLight.otf"; sourceTree = "<group>"; };
		2A9DB9372C2067CC00B37BD9 /* PretendardJP-Regular.otf */ = {isa = PBXFileReference; lastKnownFileType = file; name = "PretendardJP-Regular.otf"; path = "../../../../../../../../../../Downloads/PretendardJP-1.3.9/public/static/PretendardJP-Regular.otf"; sourceTree = "<group>"; };
		2A9DB9382C2067CC00B37BD9 /* PretendardJP-Medium.otf */ = {isa = PBXFileReference; lastKnownFileType = file; name = "PretendardJP-Medium.otf"; path = "../../../../../../../../../../Downloads/PretendardJP-1.3.9/public/static/PretendardJP-Medium.otf"; sourceTree = "<group>"; };
		2A9DB9392C2067CC00B37BD9 /* PretendardJP-ExtraBold.otf */ = {isa = PBXFileReference; lastKnownFileType = file; name = "PretendardJP-ExtraBold.otf"; path = "../../../../../../../../../../Downloads/PretendardJP-1.3.9/public/static/PretendardJP-ExtraBold.otf"; sourceTree = "<group>"; };
		2A9DB93A2C2067CC00B37BD9 /* PretendardJP-Light.otf */ = {isa = PBXFileReference; lastKnownFileType = file; name = "PretendardJP-Light.otf"; path = "../../../../../../../../../../Downloads/PretendardJP-1.3.9/public/static/PretendardJP-Light.otf"; sourceTree = "<group>"; };
		2A9DB93B2C2067CC00B37BD9 /* PretendardJP-SemiBold.otf */ = {isa = PBXFileReference; lastKnownFileType = file; name = "PretendardJP-SemiBold.otf"; path = "../../../../../../../../../../Downloads/PretendardJP-1.3.9/public/static/PretendardJP-SemiBold.otf"; sourceTree = "<group>"; };
		2A9DB93C2C2067CC00B37BD9 /* PretendardJP-Thin.otf */ = {isa = PBXFileReference; lastKnownFileType = file; name = "PretendardJP-Thin.otf"; path = "../../../../../../../../../../Downloads/PretendardJP-1.3.9/public/static/PretendardJP-Thin.otf"; sourceTree = "<group>"; };
		2A9DB93D2C2067CC00B37BD9 /* PretendardJP-Bold.otf */ = {isa = PBXFileReference; lastKnownFileType = file; name = "PretendardJP-Bold.otf"; path = "../../../../../../../../../../Downloads/PretendardJP-1.3.9/public/static/PretendardJP-Bold.otf"; sourceTree = "<group>"; };
		2AAD3AB02C1CCA9500D07AFF /* MonEasy.app */ = {isa = PBXFileReference; explicitFileType = wrapper.application; includeInIndex = 0; path = MonEasy.app; sourceTree = BUILT_PRODUCTS_DIR; };
		2AAD3AB32C1CCA9500D07AFF /* MonEasyApp.swift */ = {isa = PBXFileReference; lastKnownFileType = sourcecode.swift; path = MonEasyApp.swift; sourceTree = "<group>"; };
		2AAD3AB72C1CCA9700D07AFF /* Assets.xcassets */ = {isa = PBXFileReference; lastKnownFileType = folder.assetcatalog; path = Assets.xcassets; sourceTree = "<group>"; };
		2AAD3AB92C1CCA9700D07AFF /* MonEasy.entitlements */ = {isa = PBXFileReference; lastKnownFileType = text.plist.entitlements; path = MonEasy.entitlements; sourceTree = "<group>"; };
/* End PBXFileReference section */

/* Begin PBXFrameworksBuildPhase section */
		2A7A8BE72C23F81F00C310E5 /* Frameworks */ = {
			isa = PBXFrameworksBuildPhase;
			buildActionMask = 2147483647;
			files = (
				2A7A8BEC2C23F81F00C310E5 /* SwiftUI.framework in Frameworks */,
				2A7A8BEB2C23F81F00C310E5 /* WidgetKit.framework in Frameworks */,
			);
			runOnlyForDeploymentPostprocessing = 0;
		};
		2AAD3AAD2C1CCA9500D07AFF /* Frameworks */ = {
			isa = PBXFrameworksBuildPhase;
			buildActionMask = 2147483647;
			files = (
			);
			runOnlyForDeploymentPostprocessing = 0;
		};
/* End PBXFrameworksBuildPhase section */

/* Begin PBXGroup section */
		2A2083422C219AE300A3F224 /* ViewModels */ = {
			isa = PBXGroup;
			children = (
				2A2083432C219B0400A3F224 /* HomeViewModel.swift */,
			);
			path = ViewModels;
			sourceTree = "<group>";
		};
		2A2083452C219BC900A3F224 /* SubViews */ = {
			isa = PBXGroup;
			children = (
				2A2083462C219BD400A3F224 /* CalendarView.swift */,
			);
			path = SubViews;
			sourceTree = "<group>";
		};
		2A7A8BA52C23F31D00C310E5 /* Frameworks */ = {
			isa = PBXGroup;
			children = (
				2A7A8BA62C23F31D00C310E5 /* WidgetKit.framework */,
				2A7A8BA82C23F31D00C310E5 /* SwiftUI.framework */,
			);
			name = Frameworks;
			sourceTree = "<group>";
		};
		2A7A8BED2C23F81F00C310E5 /* CircularWidget */ = {
			isa = PBXGroup;
			children = (
				2A7A8BEE2C23F81F00C310E5 /* CircularWidgetBundle.swift */,
				2A7A8BF02C23F81F00C310E5 /* Widget.swift */,
				2A7A8C052C243FED00C310E5 /* RectangularWidget.swift */,
				2A7A8BF22C23F82100C310E5 /* Assets.xcassets */,
				2A7A8BF42C23F82100C310E5 /* Info.plist */,
			);
			path = CircularWidget;
			sourceTree = "<group>";
		};
		2A9DB8DF2C2002DA00B37BD9 /* Managers */ = {
			isa = PBXGroup;
			children = (
				2A9DB8E02C2002F200B37BD9 /* ViewStateManager.swift */,
				2A2083492C21EFD800A3F224 /* TransactionDataManager.swift */,
				2A20834C2C22A3A600A3F224 /* SpeechRecognitionManager.swift */,
			);
			path = Managers;
			sourceTree = "<group>";
		};
		2A9DB8E42C2003BD00B37BD9 /* Views */ = {
			isa = PBXGroup;
			children = (
				2A2083452C219BC900A3F224 /* SubViews */,
				2A9DB8E52C2003D200B37BD9 /* SplashView.swift */,
				2A9DB91E2C20107500B37BD9 /* OnboardingView.swift */,
				2A9DB9222C201E8600B37BD9 /* HomeView.swift */,
				2A9DB9242C2062AE00B37BD9 /* DetailSheet.swift */,
			);
			path = Views;
			sourceTree = "<group>";
		};
		2A9DB8E92C20071A00B37BD9 /* Fonts */ = {
			isa = PBXGroup;
			children = (
				2A9DB9352C2067CC00B37BD9 /* PretendardJP-Black.otf */,
				2A9DB93D2C2067CC00B37BD9 /* PretendardJP-Bold.otf */,
				2A9DB9392C2067CC00B37BD9 /* PretendardJP-ExtraBold.otf */,
				2A9DB9362C2067CC00B37BD9 /* PretendardJP-ExtraLight.otf */,
				2A9DB93A2C2067CC00B37BD9 /* PretendardJP-Light.otf */,
				2A9DB9382C2067CC00B37BD9 /* PretendardJP-Medium.otf */,
				2A9DB9372C2067CC00B37BD9 /* PretendardJP-Regular.otf */,
				2A9DB93B2C2067CC00B37BD9 /* PretendardJP-SemiBold.otf */,
				2A9DB93C2C2067CC00B37BD9 /* PretendardJP-Thin.otf */,
				2A9DB9062C20084900B37BD9 /* Font.swift */,
			);
			path = Fonts;
			sourceTree = "<group>";
		};
		2A9DB9082C200B1200B37BD9 /* Utils */ = {
			isa = PBXGroup;
			children = (
				2A9DB8E92C20071A00B37BD9 /* Fonts */,
				2A9DB9092C200B1F00B37BD9 /* Extensions */,
			);
			path = Utils;
			sourceTree = "<group>";
		};
		2A9DB9092C200B1F00B37BD9 /* Extensions */ = {
			isa = PBXGroup;
			children = (
				2A9DB90A2C200B3600B37BD9 /* Color+Extension.swift */,
				2A7A8B9E2C22D64900C310E5 /* DontAdaptsToKeyboard.swift */,
			);
			path = Extensions;
			sourceTree = "<group>";
		};
		2A9DB9272C2063D700B37BD9 /* Models */ = {
			isa = PBXGroup;
			children = (
				2A9DB92A2C2064A500B37BD9 /* Transaction.swift */,
			);
			path = Models;
			sourceTree = "<group>";
		};
		2AAD3AA72C1CCA9500D07AFF = {
			isa = PBXGroup;
			children = (
				2A9DB8E72C20060300B37BD9 /* Localizable.xcstrings */,
				2AAD3AB22C1CCA9500D07AFF /* MonEasy */,
				2A7A8BED2C23F81F00C310E5 /* CircularWidget */,
				2A7A8BA52C23F31D00C310E5 /* Frameworks */,
				2AAD3AB12C1CCA9500D07AFF /* Products */,
			);
			sourceTree = "<group>";
		};
		2AAD3AB12C1CCA9500D07AFF /* Products */ = {
			isa = PBXGroup;
			children = (
				2AAD3AB02C1CCA9500D07AFF /* MonEasy.app */,
				2A7A8BEA2C23F81F00C310E5 /* CircularWidgetExtension.appex */,
			);
			name = Products;
			sourceTree = "<group>";
		};
		2AAD3AB22C1CCA9500D07AFF /* MonEasy */ = {
			isa = PBXGroup;
			children = (
				2A9DB9272C2063D700B37BD9 /* Models */,
				2A9DB9082C200B1200B37BD9 /* Utils */,
				2A9DB8DF2C2002DA00B37BD9 /* Managers */,
				2A2083422C219AE300A3F224 /* ViewModels */,
				2A9DB8E42C2003BD00B37BD9 /* Views */,
				2A9DB8E22C20035800B37BD9 /* ContentView.swift */,
				2AAD3AB32C1CCA9500D07AFF /* MonEasyApp.swift */,
				2A7A8BFD2C24043900C310E5 /* MoneySpeechModelJP.mlmodel */,
				2A7A8BFF2C241DEB00C310E5 /* MoneySpeechModelKR.mlmodel */,
				2AAD3AB72C1CCA9700D07AFF /* Assets.xcassets */,
				2AAD3AB92C1CCA9700D07AFF /* MonEasy.entitlements */,
				2A9DB9052C2007B300B37BD9 /* Info.plist */,
			);
			path = MonEasy;
			sourceTree = "<group>";
		};
/* End PBXGroup section */

/* Begin PBXNativeTarget section */
		2A7A8BE92C23F81F00C310E5 /* CircularWidgetExtension */ = {
			isa = PBXNativeTarget;
			buildConfigurationList = 2A7A8BF82C23F82100C310E5 /* Build configuration list for PBXNativeTarget "CircularWidgetExtension" */;
			buildPhases = (
				2A7A8BE62C23F81F00C310E5 /* Sources */,
				2A7A8BE72C23F81F00C310E5 /* Frameworks */,
				2A7A8BE82C23F81F00C310E5 /* Resources */,
			);
			buildRules = (
			);
			dependencies = (
			);
			name = CircularWidgetExtension;
			productName = CircularWidgetExtension;
			productReference = 2A7A8BEA2C23F81F00C310E5 /* CircularWidgetExtension.appex */;
			productType = "com.apple.product-type.app-extension";
		};
		2AAD3AAF2C1CCA9500D07AFF /* MonEasy */ = {
			isa = PBXNativeTarget;
			buildConfigurationList = 2AAD3AD52C1CCA9700D07AFF /* Build configuration list for PBXNativeTarget "MonEasy" */;
			buildPhases = (
				2AAD3AAC2C1CCA9500D07AFF /* Sources */,
				2AAD3AAD2C1CCA9500D07AFF /* Frameworks */,
				2AAD3AAE2C1CCA9500D07AFF /* Resources */,
				2A7A8BBC2C23F31E00C310E5 /* Embed Foundation Extensions */,
			);
			buildRules = (
			);
			dependencies = (
				2A7A8BF62C23F82100C310E5 /* PBXTargetDependency */,
			);
			name = MonEasy;
			productName = NC2;
			productReference = 2AAD3AB02C1CCA9500D07AFF /* MonEasy.app */;
			productType = "com.apple.product-type.application";
		};
/* End PBXNativeTarget section */

/* Begin PBXProject section */
		2AAD3AA82C1CCA9500D07AFF /* Project object */ = {
			isa = PBXProject;
			attributes = {
				BuildIndependentTargetsInParallel = 1;
				LastSwiftUpdateCheck = 1540;
				LastUpgradeCheck = 1540;
				TargetAttributes = {
					2A7A8BE92C23F81F00C310E5 = {
						CreatedOnToolsVersion = 15.4;
					};
					2AAD3AAF2C1CCA9500D07AFF = {
						CreatedOnToolsVersion = 15.4;
					};
				};
			};
			buildConfigurationList = 2AAD3AAB2C1CCA9500D07AFF /* Build configuration list for PBXProject "MonEasy" */;
			compatibilityVersion = "Xcode 14.0";
			developmentRegion = ko;
			hasScannedForEncodings = 0;
			knownRegions = (
				Base,
				ko,
				ja,
			);
			mainGroup = 2AAD3AA72C1CCA9500D07AFF;
			productRefGroup = 2AAD3AB12C1CCA9500D07AFF /* Products */;
			projectDirPath = "";
			projectRoot = "";
			targets = (
				2AAD3AAF2C1CCA9500D07AFF /* MonEasy */,
				2A7A8BE92C23F81F00C310E5 /* CircularWidgetExtension */,
			);
		};
/* End PBXProject section */

/* Begin PBXResourcesBuildPhase section */
		2A7A8BE82C23F81F00C310E5 /* Resources */ = {
			isa = PBXResourcesBuildPhase;
			buildActionMask = 2147483647;
			files = (
				2A7A8BF32C23F82100C310E5 /* Assets.xcassets in Resources */,
			);
			runOnlyForDeploymentPostprocessing = 0;
		};
		2AAD3AAE2C1CCA9500D07AFF /* Resources */ = {
			isa = PBXResourcesBuildPhase;
			buildActionMask = 2147483647;
			files = (
				2AAD3AB82C1CCA9700D07AFF /* Assets.xcassets in Resources */,
				2A9DB9402C2067CD00B37BD9 /* PretendardJP-Regular.otf in Resources */,
				2A9DB93E2C2067CD00B37BD9 /* PretendardJP-Black.otf in Resources */,
				2A9DB9442C2067CD00B37BD9 /* PretendardJP-SemiBold.otf in Resources */,
				2A9DB9412C2067CD00B37BD9 /* PretendardJP-Medium.otf in Resources */,
				2A9DB9452C2067CD00B37BD9 /* PretendardJP-Thin.otf in Resources */,
				2A9DB93F2C2067CD00B37BD9 /* PretendardJP-ExtraLight.otf in Resources */,
				2A9DB9432C2067CD00B37BD9 /* PretendardJP-Light.otf in Resources */,
				2A9DB9422C2067CD00B37BD9 /* PretendardJP-ExtraBold.otf in Resources */,
				2A9DB8E82C20060300B37BD9 /* Localizable.xcstrings in Resources */,
				2A9DB9462C2067CD00B37BD9 /* PretendardJP-Bold.otf in Resources */,
			);
			runOnlyForDeploymentPostprocessing = 0;
		};
/* End PBXResourcesBuildPhase section */

/* Begin PBXSourcesBuildPhase section */
		2A7A8BE62C23F81F00C310E5 /* Sources */ = {
			isa = PBXSourcesBuildPhase;
			buildActionMask = 2147483647;
			files = (
				2A7A8C062C243FED00C310E5 /* RectangularWidget.swift in Sources */,
				2A7A8BF12C23F81F00C310E5 /* Widget.swift in Sources */,
				2A7A8BEF2C23F81F00C310E5 /* CircularWidgetBundle.swift in Sources */,
			);
			runOnlyForDeploymentPostprocessing = 0;
		};
		2AAD3AAC2C1CCA9500D07AFF /* Sources */ = {
			isa = PBXSourcesBuildPhase;
			buildActionMask = 2147483647;
			files = (
				2A7A8C002C241DEB00C310E5 /* MoneySpeechModelKR.mlmodel in Sources */,
				2A9DB9232C201E8600B37BD9 /* HomeView.swift in Sources */,
				2A7A8B9F2C22D64900C310E5 /* DontAdaptsToKeyboard.swift in Sources */,
				2A20834D2C22A3A600A3F224 /* SpeechRecognitionManager.swift in Sources */,
				2A2083442C219B0400A3F224 /* HomeViewModel.swift in Sources */,
				2A2083472C219BD400A3F224 /* CalendarView.swift in Sources */,
				2A9DB8E12C2002F200B37BD9 /* ViewStateManager.swift in Sources */,
				2A9DB90B2C200B3600B37BD9 /* Color+Extension.swift in Sources */,
				2A9DB9072C20084900B37BD9 /* Font.swift in Sources */,
				2A9DB92B2C2064A500B37BD9 /* Transaction.swift in Sources */,
				2A9DB8E62C2003D200B37BD9 /* SplashView.swift in Sources */,
				2A9DB8E32C20035800B37BD9 /* ContentView.swift in Sources */,
				2A9DB91F2C20107500B37BD9 /* OnboardingView.swift in Sources */,
				2A7A8BFE2C24043900C310E5 /* MoneySpeechModelJP.mlmodel in Sources */,
				2A20834A2C21EFD800A3F224 /* TransactionDataManager.swift in Sources */,
				2AAD3AB42C1CCA9500D07AFF /* MonEasyApp.swift in Sources */,
				2A9DB9252C2062AE00B37BD9 /* DetailSheet.swift in Sources */,
			);
			runOnlyForDeploymentPostprocessing = 0;
		};
/* End PBXSourcesBuildPhase section */

/* Begin PBXTargetDependency section */
		2A7A8BF62C23F82100C310E5 /* PBXTargetDependency */ = {
			isa = PBXTargetDependency;
			target = 2A7A8BE92C23F81F00C310E5 /* CircularWidgetExtension */;
			targetProxy = 2A7A8BF52C23F82100C310E5 /* PBXContainerItemProxy */;
		};
/* End PBXTargetDependency section */

/* Begin XCBuildConfiguration section */
		2A7A8BF92C23F82100C310E5 /* Debug */ = {
			isa = XCBuildConfiguration;
			buildSettings = {
				ASSETCATALOG_COMPILER_GLOBAL_ACCENT_COLOR_NAME = AccentColor;
				ASSETCATALOG_COMPILER_WIDGET_BACKGROUND_COLOR_NAME = WidgetBackground;
				CODE_SIGN_STYLE = Automatic;
				CURRENT_PROJECT_VERSION = 1;
				DEVELOPMENT_TEAM = X3V79774F4;
				GENERATE_INFOPLIST_FILE = YES;
				INFOPLIST_FILE = CircularWidget/Info.plist;
				INFOPLIST_KEY_CFBundleDisplayName = CircularWidget;
				INFOPLIST_KEY_NSHumanReadableCopyright = "";
				IPHONEOS_DEPLOYMENT_TARGET = 17.5;
				LD_RUNPATH_SEARCH_PATHS = (
					"$(inherited)",
					"@executable_path/Frameworks",
					"@executable_path/../../Frameworks",
				);
				MARKETING_VERSION = 1.0;
				PRODUCT_BUNDLE_IDENTIFIER = me.devjonny.MonEasy.CircularWidget;
				PRODUCT_NAME = "$(TARGET_NAME)";
				SDKROOT = iphoneos;
				SKIP_INSTALL = YES;
				SWIFT_EMIT_LOC_STRINGS = YES;
				SWIFT_VERSION = 5.0;
				TARGETED_DEVICE_FAMILY = "1,2";
			};
			name = Debug;
		};
		2A7A8BFA2C23F82100C310E5 /* Release */ = {
			isa = XCBuildConfiguration;
			buildSettings = {
				ASSETCATALOG_COMPILER_GLOBAL_ACCENT_COLOR_NAME = AccentColor;
				ASSETCATALOG_COMPILER_WIDGET_BACKGROUND_COLOR_NAME = WidgetBackground;
				CODE_SIGN_STYLE = Automatic;
				CURRENT_PROJECT_VERSION = 1;
				DEVELOPMENT_TEAM = X3V79774F4;
				GENERATE_INFOPLIST_FILE = YES;
				INFOPLIST_FILE = CircularWidget/Info.plist;
				INFOPLIST_KEY_CFBundleDisplayName = CircularWidget;
				INFOPLIST_KEY_NSHumanReadableCopyright = "";
				IPHONEOS_DEPLOYMENT_TARGET = 17.5;
				LD_RUNPATH_SEARCH_PATHS = (
					"$(inherited)",
					"@executable_path/Frameworks",
					"@executable_path/../../Frameworks",
				);
				MARKETING_VERSION = 1.0;
				PRODUCT_BUNDLE_IDENTIFIER = me.devjonny.MonEasy.CircularWidget;
				PRODUCT_NAME = "$(TARGET_NAME)";
				SDKROOT = iphoneos;
				SKIP_INSTALL = YES;
				SWIFT_EMIT_LOC_STRINGS = YES;
				SWIFT_VERSION = 5.0;
				TARGETED_DEVICE_FAMILY = "1,2";
				VALIDATE_PRODUCT = YES;
			};
			name = Release;
		};
		2AAD3AD32C1CCA9700D07AFF /* Debug */ = {
			isa = XCBuildConfiguration;
			buildSettings = {
				ALWAYS_SEARCH_USER_PATHS = NO;
				ASSETCATALOG_COMPILER_GENERATE_SWIFT_ASSET_SYMBOL_EXTENSIONS = YES;
				CLANG_ANALYZER_NONNULL = YES;
				CLANG_ANALYZER_NUMBER_OBJECT_CONVERSION = YES_AGGRESSIVE;
				CLANG_CXX_LANGUAGE_STANDARD = "gnu++20";
				CLANG_ENABLE_MODULES = YES;
				CLANG_ENABLE_OBJC_ARC = YES;
				CLANG_ENABLE_OBJC_WEAK = YES;
				CLANG_WARN_BLOCK_CAPTURE_AUTORELEASING = YES;
				CLANG_WARN_BOOL_CONVERSION = YES;
				CLANG_WARN_COMMA = YES;
				CLANG_WARN_CONSTANT_CONVERSION = YES;
				CLANG_WARN_DEPRECATED_OBJC_IMPLEMENTATIONS = YES;
				CLANG_WARN_DIRECT_OBJC_ISA_USAGE = YES_ERROR;
				CLANG_WARN_DOCUMENTATION_COMMENTS = YES;
				CLANG_WARN_EMPTY_BODY = YES;
				CLANG_WARN_ENUM_CONVERSION = YES;
				CLANG_WARN_INFINITE_RECURSION = YES;
				CLANG_WARN_INT_CONVERSION = YES;
				CLANG_WARN_NON_LITERAL_NULL_CONVERSION = YES;
				CLANG_WARN_OBJC_IMPLICIT_RETAIN_SELF = YES;
				CLANG_WARN_OBJC_LITERAL_CONVERSION = YES;
				CLANG_WARN_OBJC_ROOT_CLASS = YES_ERROR;
				CLANG_WARN_QUOTED_INCLUDE_IN_FRAMEWORK_HEADER = YES;
				CLANG_WARN_RANGE_LOOP_ANALYSIS = YES;
				CLANG_WARN_STRICT_PROTOTYPES = YES;
				CLANG_WARN_SUSPICIOUS_MOVE = YES;
				CLANG_WARN_UNGUARDED_AVAILABILITY = YES_AGGRESSIVE;
				CLANG_WARN_UNREACHABLE_CODE = YES;
				CLANG_WARN__DUPLICATE_METHOD_MATCH = YES;
				COPY_PHASE_STRIP = NO;
				DEBUG_INFORMATION_FORMAT = dwarf;
				ENABLE_STRICT_OBJC_MSGSEND = YES;
				ENABLE_TESTABILITY = YES;
				ENABLE_USER_SCRIPT_SANDBOXING = YES;
				GCC_C_LANGUAGE_STANDARD = gnu17;
				GCC_DYNAMIC_NO_PIC = NO;
				GCC_NO_COMMON_BLOCKS = YES;
				GCC_OPTIMIZATION_LEVEL = 0;
				GCC_PREPROCESSOR_DEFINITIONS = (
					"DEBUG=1",
					"$(inherited)",
				);
				GCC_WARN_64_TO_32_BIT_CONVERSION = YES;
				GCC_WARN_ABOUT_RETURN_TYPE = YES_ERROR;
				GCC_WARN_UNDECLARED_SELECTOR = YES;
				GCC_WARN_UNINITIALIZED_AUTOS = YES_AGGRESSIVE;
				GCC_WARN_UNUSED_FUNCTION = YES;
				GCC_WARN_UNUSED_VARIABLE = YES;
				INFOPLIST_KEY_CFBundleDisplayName = MonEasy;
				LOCALIZATION_PREFERS_STRING_CATALOGS = YES;
				MTL_ENABLE_DEBUG_INFO = INCLUDE_SOURCE;
				MTL_FAST_MATH = YES;
				ONLY_ACTIVE_ARCH = YES;
				SWIFT_ACTIVE_COMPILATION_CONDITIONS = "DEBUG $(inherited)";
				SWIFT_OPTIMIZATION_LEVEL = "-Onone";
			};
			name = Debug;
		};
		2AAD3AD42C1CCA9700D07AFF /* Release */ = {
			isa = XCBuildConfiguration;
			buildSettings = {
				ALWAYS_SEARCH_USER_PATHS = NO;
				ASSETCATALOG_COMPILER_GENERATE_SWIFT_ASSET_SYMBOL_EXTENSIONS = YES;
				CLANG_ANALYZER_NONNULL = YES;
				CLANG_ANALYZER_NUMBER_OBJECT_CONVERSION = YES_AGGRESSIVE;
				CLANG_CXX_LANGUAGE_STANDARD = "gnu++20";
				CLANG_ENABLE_MODULES = YES;
				CLANG_ENABLE_OBJC_ARC = YES;
				CLANG_ENABLE_OBJC_WEAK = YES;
				CLANG_WARN_BLOCK_CAPTURE_AUTORELEASING = YES;
				CLANG_WARN_BOOL_CONVERSION = YES;
				CLANG_WARN_COMMA = YES;
				CLANG_WARN_CONSTANT_CONVERSION = YES;
				CLANG_WARN_DEPRECATED_OBJC_IMPLEMENTATIONS = YES;
				CLANG_WARN_DIRECT_OBJC_ISA_USAGE = YES_ERROR;
				CLANG_WARN_DOCUMENTATION_COMMENTS = YES;
				CLANG_WARN_EMPTY_BODY = YES;
				CLANG_WARN_ENUM_CONVERSION = YES;
				CLANG_WARN_INFINITE_RECURSION = YES;
				CLANG_WARN_INT_CONVERSION = YES;
				CLANG_WARN_NON_LITERAL_NULL_CONVERSION = YES;
				CLANG_WARN_OBJC_IMPLICIT_RETAIN_SELF = YES;
				CLANG_WARN_OBJC_LITERAL_CONVERSION = YES;
				CLANG_WARN_OBJC_ROOT_CLASS = YES_ERROR;
				CLANG_WARN_QUOTED_INCLUDE_IN_FRAMEWORK_HEADER = YES;
				CLANG_WARN_RANGE_LOOP_ANALYSIS = YES;
				CLANG_WARN_STRICT_PROTOTYPES = YES;
				CLANG_WARN_SUSPICIOUS_MOVE = YES;
				CLANG_WARN_UNGUARDED_AVAILABILITY = YES_AGGRESSIVE;
				CLANG_WARN_UNREACHABLE_CODE = YES;
				CLANG_WARN__DUPLICATE_METHOD_MATCH = YES;
				COPY_PHASE_STRIP = NO;
				DEBUG_INFORMATION_FORMAT = "dwarf-with-dsym";
				ENABLE_NS_ASSERTIONS = NO;
				ENABLE_STRICT_OBJC_MSGSEND = YES;
				ENABLE_USER_SCRIPT_SANDBOXING = YES;
				GCC_C_LANGUAGE_STANDARD = gnu17;
				GCC_NO_COMMON_BLOCKS = YES;
				GCC_WARN_64_TO_32_BIT_CONVERSION = YES;
				GCC_WARN_ABOUT_RETURN_TYPE = YES_ERROR;
				GCC_WARN_UNDECLARED_SELECTOR = YES;
				GCC_WARN_UNINITIALIZED_AUTOS = YES_AGGRESSIVE;
				GCC_WARN_UNUSED_FUNCTION = YES;
				GCC_WARN_UNUSED_VARIABLE = YES;
				INFOPLIST_KEY_CFBundleDisplayName = MonEasy;
				LOCALIZATION_PREFERS_STRING_CATALOGS = YES;
				MTL_ENABLE_DEBUG_INFO = NO;
				MTL_FAST_MATH = YES;
				SWIFT_COMPILATION_MODE = wholemodule;
			};
			name = Release;
		};
		2AAD3AD62C1CCA9700D07AFF /* Debug */ = {
			isa = XCBuildConfiguration;
			buildSettings = {
				ALWAYS_EMBED_SWIFT_STANDARD_LIBRARIES = YES;
				ASSETCATALOG_COMPILER_APPICON_NAME = AppIcon;
				ASSETCATALOG_COMPILER_GLOBAL_ACCENT_COLOR_NAME = AccentColor;
				CODE_SIGN_ENTITLEMENTS = MonEasy/MonEasy.entitlements;
				CODE_SIGN_STYLE = Automatic;
				CURRENT_PROJECT_VERSION = 1;
				DEVELOPMENT_ASSET_PATHS = "\"MonEasy/Preview Content\"";
				DEVELOPMENT_TEAM = X3V79774F4;
				ENABLE_HARDENED_RUNTIME = YES;
				ENABLE_PREVIEWS = YES;
				GENERATE_INFOPLIST_FILE = YES;
				INFOPLIST_FILE = MonEasy/Info.plist;
				INFOPLIST_KEY_CFBundleDisplayName = MonEasy;
				INFOPLIST_KEY_NSMicrophoneUsageDescription = "";
				INFOPLIST_KEY_NSSpeechRecognitionUsageDescription = "";
				"INFOPLIST_KEY_UIApplicationSceneManifest_Generation[sdk=iphoneos*]" = YES;
				"INFOPLIST_KEY_UIApplicationSceneManifest_Generation[sdk=iphonesimulator*]" = YES;
				"INFOPLIST_KEY_UIApplicationSupportsIndirectInputEvents[sdk=iphoneos*]" = YES;
				"INFOPLIST_KEY_UIApplicationSupportsIndirectInputEvents[sdk=iphonesimulator*]" = YES;
				"INFOPLIST_KEY_UILaunchScreen_Generation[sdk=iphoneos*]" = YES;
				"INFOPLIST_KEY_UILaunchScreen_Generation[sdk=iphonesimulator*]" = YES;
				"INFOPLIST_KEY_UIStatusBarStyle[sdk=iphoneos*]" = UIStatusBarStyleDefault;
				"INFOPLIST_KEY_UIStatusBarStyle[sdk=iphonesimulator*]" = UIStatusBarStyleDefault;
				INFOPLIST_KEY_UISupportedInterfaceOrientations_iPad = "UIInterfaceOrientationPortrait UIInterfaceOrientationPortraitUpsideDown UIInterfaceOrientationLandscapeLeft UIInterfaceOrientationLandscapeRight";
				INFOPLIST_KEY_UISupportedInterfaceOrientations_iPhone = "UIInterfaceOrientationPortrait UIInterfaceOrientationLandscapeLeft UIInterfaceOrientationLandscapeRight";
				IPHONEOS_DEPLOYMENT_TARGET = 17.0;
				LD_RUNPATH_SEARCH_PATHS = "@executable_path/Frameworks";
				"LD_RUNPATH_SEARCH_PATHS[sdk=macosx*]" = "@executable_path/../Frameworks";
				MACOSX_DEPLOYMENT_TARGET = 14.0;
				MARKETING_VERSION = 1.0;
				PRODUCT_BUNDLE_IDENTIFIER = me.devjonny.MonEasy;
				PRODUCT_NAME = "$(TARGET_NAME)";
				SDKROOT = auto;
				SUPPORTED_PLATFORMS = "iphoneos iphonesimulator macosx";
				SWIFT_EMIT_LOC_STRINGS = YES;
				SWIFT_VERSION = 5.0;
				TARGETED_DEVICE_FAMILY = "1,2";
			};
			name = Debug;
		};
		2AAD3AD72C1CCA9700D07AFF /* Release */ = {
			isa = XCBuildConfiguration;
			buildSettings = {
				ALWAYS_EMBED_SWIFT_STANDARD_LIBRARIES = YES;
				ASSETCATALOG_COMPILER_APPICON_NAME = AppIcon;
				ASSETCATALOG_COMPILER_GLOBAL_ACCENT_COLOR_NAME = AccentColor;
				CODE_SIGN_ENTITLEMENTS = MonEasy/MonEasy.entitlements;
				CODE_SIGN_STYLE = Automatic;
				CURRENT_PROJECT_VERSION = 1;
				DEVELOPMENT_ASSET_PATHS = "\"MonEasy/Preview Content\"";
				DEVELOPMENT_TEAM = X3V79774F4;
				ENABLE_HARDENED_RUNTIME = YES;
				ENABLE_PREVIEWS = YES;
				GENERATE_INFOPLIST_FILE = YES;
				INFOPLIST_FILE = MonEasy/Info.plist;
				INFOPLIST_KEY_CFBundleDisplayName = MonEasy;
				INFOPLIST_KEY_NSMicrophoneUsageDescription = "";
				INFOPLIST_KEY_NSSpeechRecognitionUsageDescription = "";
				"INFOPLIST_KEY_UIApplicationSceneManifest_Generation[sdk=iphoneos*]" = YES;
				"INFOPLIST_KEY_UIApplicationSceneManifest_Generation[sdk=iphonesimulator*]" = YES;
				"INFOPLIST_KEY_UIApplicationSupportsIndirectInputEvents[sdk=iphoneos*]" = YES;
				"INFOPLIST_KEY_UIApplicationSupportsIndirectInputEvents[sdk=iphonesimulator*]" = YES;
				"INFOPLIST_KEY_UILaunchScreen_Generation[sdk=iphoneos*]" = YES;
				"INFOPLIST_KEY_UILaunchScreen_Generation[sdk=iphonesimulator*]" = YES;
				"INFOPLIST_KEY_UIStatusBarStyle[sdk=iphoneos*]" = UIStatusBarStyleDefault;
				"INFOPLIST_KEY_UIStatusBarStyle[sdk=iphonesimulator*]" = UIStatusBarStyleDefault;
				INFOPLIST_KEY_UISupportedInterfaceOrientations_iPad = "UIInterfaceOrientationPortrait UIInterfaceOrientationPortraitUpsideDown UIInterfaceOrientationLandscapeLeft UIInterfaceOrientationLandscapeRight";
				INFOPLIST_KEY_UISupportedInterfaceOrientations_iPhone = "UIInterfaceOrientationPortrait UIInterfaceOrientationLandscapeLeft UIInterfaceOrientationLandscapeRight";
				IPHONEOS_DEPLOYMENT_TARGET = 17.0;
				LD_RUNPATH_SEARCH_PATHS = "@executable_path/Frameworks";
				"LD_RUNPATH_SEARCH_PATHS[sdk=macosx*]" = "@executable_path/../Frameworks";
				MACOSX_DEPLOYMENT_TARGET = 14.0;
				MARKETING_VERSION = 1.0;
				PRODUCT_BUNDLE_IDENTIFIER = me.devjonny.MonEasy;
				PRODUCT_NAME = "$(TARGET_NAME)";
				SDKROOT = auto;
				SUPPORTED_PLATFORMS = "iphoneos iphonesimulator macosx";
				SWIFT_EMIT_LOC_STRINGS = YES;
				SWIFT_VERSION = 5.0;
				TARGETED_DEVICE_FAMILY = "1,2";
			};
			name = Release;
		};
/* End XCBuildConfiguration section */

/* Begin XCConfigurationList section */
		2A7A8BF82C23F82100C310E5 /* Build configuration list for PBXNativeTarget "CircularWidgetExtension" */ = {
			isa = XCConfigurationList;
			buildConfigurations = (
				2A7A8BF92C23F82100C310E5 /* Debug */,
				2A7A8BFA2C23F82100C310E5 /* Release */,
			);
			defaultConfigurationIsVisible = 0;
			defaultConfigurationName = Release;
		};
		2AAD3AAB2C1CCA9500D07AFF /* Build configuration list for PBXProject "MonEasy" */ = {
			isa = XCConfigurationList;
			buildConfigurations = (
				2AAD3AD32C1CCA9700D07AFF /* Debug */,
				2AAD3AD42C1CCA9700D07AFF /* Release */,
			);
			defaultConfigurationIsVisible = 0;
			defaultConfigurationName = Release;
		};
		2AAD3AD52C1CCA9700D07AFF /* Build configuration list for PBXNativeTarget "MonEasy" */ = {
			isa = XCConfigurationList;
			buildConfigurations = (
				2AAD3AD62C1CCA9700D07AFF /* Debug */,
				2AAD3AD72C1CCA9700D07AFF /* Release */,
			);
			defaultConfigurationIsVisible = 0;
			defaultConfigurationName = Release;
		};
/* End XCConfigurationList section */
	};
	rootObject = 2AAD3AA82C1CCA9500D07AFF /* Project object */;
}
